// !$*UTF8*$!
{
	archiveVersion = 1;
	classes = {
	};
	objectVersion = 51;
	objects = {

/* Begin PBXBuildFile section */
		10AA3FE246043CC0CE74A5D2 /* Pods_RealmTestApp.framework in Frameworks */ = {isa = PBXBuildFile; fileRef = 3BD782F2EBE0C27E21E1E957 /* Pods_RealmTestApp.framework */; };
		8ECAFBBD264A37B5000DB5B9 /* AppDelegate.swift in Sources */ = {isa = PBXBuildFile; fileRef = 8ECAFBBC264A37B5000DB5B9 /* AppDelegate.swift */; };
		8ECAFBBF264A37B5000DB5B9 /* SceneDelegate.swift in Sources */ = {isa = PBXBuildFile; fileRef = 8ECAFBBE264A37B5000DB5B9 /* SceneDelegate.swift */; };
		8ECAFBC1264A37B5000DB5B9 /* ViewController.swift in Sources */ = {isa = PBXBuildFile; fileRef = 8ECAFBC0264A37B5000DB5B9 /* ViewController.swift */; };
		8ECAFBC4264A37B5000DB5B9 /* Main.storyboard in Resources */ = {isa = PBXBuildFile; fileRef = 8ECAFBC2264A37B5000DB5B9 /* Main.storyboard */; };
		8ECAFBC6264A37B6000DB5B9 /* Assets.xcassets in Resources */ = {isa = PBXBuildFile; fileRef = 8ECAFBC5264A37B6000DB5B9 /* Assets.xcassets */; };
		8ECAFBC9264A37B6000DB5B9 /* LaunchScreen.storyboard in Resources */ = {isa = PBXBuildFile; fileRef = 8ECAFBC7264A37B6000DB5B9 /* LaunchScreen.storyboard */; };
		8ECAFBD4264A37B6000DB5B9 /* MyRealmAppTests.swift in Sources */ = {isa = PBXBuildFile; fileRef = 8ECAFBD3264A37B6000DB5B9 /* MyRealmAppTests.swift */; };
		8ECAFBDF264A37B6000DB5B9 /* RealmTestAppUITests.swift in Sources */ = {isa = PBXBuildFile; fileRef = 8ECAFBDE264A37B6000DB5B9 /* RealmTestAppUITests.swift */; };
		8ECAFBF3264A3937000DB5B9 /* RealmManager.swift in Sources */ = {isa = PBXBuildFile; fileRef = 8ECAFBF2264A3937000DB5B9 /* RealmManager.swift */; };
		8ECAFBFE264A3B76000DB5B9 /* Course.swift in Sources */ = {isa = PBXBuildFile; fileRef = 8ECAFBFD264A3B76000DB5B9 /* Course.swift */; };
/* End PBXBuildFile section */

/* Begin PBXContainerItemProxy section */
		8ECAFBD0264A37B6000DB5B9 /* PBXContainerItemProxy */ = {
			isa = PBXContainerItemProxy;
			containerPortal = 8ECAFBB1264A37B5000DB5B9 /* Project object */;
			proxyType = 1;
			remoteGlobalIDString = 8ECAFBB8264A37B5000DB5B9;
			remoteInfo = RealmTestApp;
		};
		8ECAFBDB264A37B6000DB5B9 /* PBXContainerItemProxy */ = {
			isa = PBXContainerItemProxy;
			containerPortal = 8ECAFBB1264A37B5000DB5B9 /* Project object */;
			proxyType = 1;
			remoteGlobalIDString = 8ECAFBB8264A37B5000DB5B9;
			remoteInfo = RealmTestApp;
		};
/* End PBXContainerItemProxy section */

/* Begin PBXFileReference section */
		3BD782F2EBE0C27E21E1E957 /* Pods_RealmTestApp.framework */ = {isa = PBXFileReference; explicitFileType = wrapper.framework; includeInIndex = 0; path = Pods_RealmTestApp.framework; sourceTree = BUILT_PRODUCTS_DIR; };
		3DD9F870FFBC7AC3EE08AFCD /* Pods-RealmTestApp.release.xcconfig */ = {isa = PBXFileReference; includeInIndex = 1; lastKnownFileType = text.xcconfig; name = "Pods-RealmTestApp.release.xcconfig"; path = "Target Support Files/Pods-RealmTestApp/Pods-RealmTestApp.release.xcconfig"; sourceTree = "<group>"; };
		8DED05525A6E251A7DA55598 /* Pods-RealmTestApp.debug.xcconfig */ = {isa = PBXFileReference; includeInIndex = 1; lastKnownFileType = text.xcconfig; name = "Pods-RealmTestApp.debug.xcconfig"; path = "Target Support Files/Pods-RealmTestApp/Pods-RealmTestApp.debug.xcconfig"; sourceTree = "<group>"; };
		8ECAFBB9264A37B5000DB5B9 /* MyRealmApp.app */ = {isa = PBXFileReference; explicitFileType = wrapper.application; includeInIndex = 0; path = MyRealmApp.app; sourceTree = BUILT_PRODUCTS_DIR; };
		8ECAFBBC264A37B5000DB5B9 /* AppDelegate.swift */ = {isa = PBXFileReference; lastKnownFileType = sourcecode.swift; path = AppDelegate.swift; sourceTree = "<group>"; };
		8ECAFBBE264A37B5000DB5B9 /* SceneDelegate.swift */ = {isa = PBXFileReference; lastKnownFileType = sourcecode.swift; path = SceneDelegate.swift; sourceTree = "<group>"; };
		8ECAFBC0264A37B5000DB5B9 /* ViewController.swift */ = {isa = PBXFileReference; lastKnownFileType = sourcecode.swift; path = ViewController.swift; sourceTree = "<group>"; };
		8ECAFBC3264A37B5000DB5B9 /* Base */ = {isa = PBXFileReference; lastKnownFileType = file.storyboard; name = Base; path = Base.lproj/Main.storyboard; sourceTree = "<group>"; };
		8ECAFBC5264A37B6000DB5B9 /* Assets.xcassets */ = {isa = PBXFileReference; lastKnownFileType = folder.assetcatalog; path = Assets.xcassets; sourceTree = "<group>"; };
		8ECAFBC8264A37B6000DB5B9 /* Base */ = {isa = PBXFileReference; lastKnownFileType = file.storyboard; name = Base; path = Base.lproj/LaunchScreen.storyboard; sourceTree = "<group>"; };
		8ECAFBCA264A37B6000DB5B9 /* Info.plist */ = {isa = PBXFileReference; lastKnownFileType = text.plist.xml; path = Info.plist; sourceTree = "<group>"; };
		8ECAFBCF264A37B6000DB5B9 /* MyRealmAppTests.xctest */ = {isa = PBXFileReference; explicitFileType = wrapper.cfbundle; includeInIndex = 0; path = MyRealmAppTests.xctest; sourceTree = BUILT_PRODUCTS_DIR; };
		8ECAFBD3264A37B6000DB5B9 /* MyRealmAppTests.swift */ = {isa = PBXFileReference; lastKnownFileType = sourcecode.swift; path = MyRealmAppTests.swift; sourceTree = "<group>"; };
		8ECAFBD5264A37B6000DB5B9 /* Info.plist */ = {isa = PBXFileReference; lastKnownFileType = text.plist.xml; path = Info.plist; sourceTree = "<group>"; };
		8ECAFBDA264A37B6000DB5B9 /* MyRealmAppUITests.xctest */ = {isa = PBXFileReference; explicitFileType = wrapper.cfbundle; includeInIndex = 0; path = MyRealmAppUITests.xctest; sourceTree = BUILT_PRODUCTS_DIR; };
		8ECAFBDE264A37B6000DB5B9 /* RealmTestAppUITests.swift */ = {isa = PBXFileReference; lastKnownFileType = sourcecode.swift; path = RealmTestAppUITests.swift; sourceTree = "<group>"; };
		8ECAFBE0264A37B6000DB5B9 /* Info.plist */ = {isa = PBXFileReference; lastKnownFileType = text.plist.xml; path = Info.plist; sourceTree = "<group>"; };
		8ECAFBF2264A3937000DB5B9 /* RealmManager.swift */ = {isa = PBXFileReference; lastKnownFileType = sourcecode.swift; path = RealmManager.swift; sourceTree = "<group>"; };
		8ECAFBFD264A3B76000DB5B9 /* Course.swift */ = {isa = PBXFileReference; lastKnownFileType = sourcecode.swift; path = Course.swift; sourceTree = "<group>"; };
/* End PBXFileReference section */

/* Begin PBXFrameworksBuildPhase section */
		8ECAFBB6264A37B5000DB5B9 /* Frameworks */ = {
			isa = PBXFrameworksBuildPhase;
			buildActionMask = 2147483647;
			files = (
				10AA3FE246043CC0CE74A5D2 /* Pods_RealmTestApp.framework in Frameworks */,
			);
			runOnlyForDeploymentPostprocessing = 0;
		};
		8ECAFBCC264A37B6000DB5B9 /* Frameworks */ = {
			isa = PBXFrameworksBuildPhase;
			buildActionMask = 2147483647;
			files = (
			);
			runOnlyForDeploymentPostprocessing = 0;
		};
		8ECAFBD7264A37B6000DB5B9 /* Frameworks */ = {
			isa = PBXFrameworksBuildPhase;
			buildActionMask = 2147483647;
			files = (
			);
			runOnlyForDeploymentPostprocessing = 0;
		};
/* End PBXFrameworksBuildPhase section */

/* Begin PBXGroup section */
		26ECAE11EFAFD1055EFF58E9 /* Frameworks */ = {
			isa = PBXGroup;
			children = (
				3BD782F2EBE0C27E21E1E957 /* Pods_RealmTestApp.framework */,
			);
			name = Frameworks;
			sourceTree = "<group>";
		};
		7B2BE86FF3E0E4456E7C64EC /* Pods */ = {
			isa = PBXGroup;
			children = (
				8DED05525A6E251A7DA55598 /* Pods-RealmTestApp.debug.xcconfig */,
				3DD9F870FFBC7AC3EE08AFCD /* Pods-RealmTestApp.release.xcconfig */,
			);
			path = Pods;
			sourceTree = "<group>";
		};
		8ECAFBB0264A37B5000DB5B9 = {
			isa = PBXGroup;
			children = (
				8ECAFBBB264A37B5000DB5B9 /* MyRealmApp */,
				8ECAFBD2264A37B6000DB5B9 /* MyRealmAppTests */,
				8ECAFBDD264A37B6000DB5B9 /* RealmTestAppUITests */,
				8ECAFBBA264A37B5000DB5B9 /* Products */,
				7B2BE86FF3E0E4456E7C64EC /* Pods */,
				26ECAE11EFAFD1055EFF58E9 /* Frameworks */,
			);
			sourceTree = "<group>";
		};
		8ECAFBBA264A37B5000DB5B9 /* Products */ = {
			isa = PBXGroup;
			children = (
				8ECAFBB9264A37B5000DB5B9 /* MyRealmApp.app */,
				8ECAFBCF264A37B6000DB5B9 /* MyRealmAppTests.xctest */,
				8ECAFBDA264A37B6000DB5B9 /* MyRealmAppUITests.xctest */,
			);
			name = Products;
			sourceTree = "<group>";
		};
		8ECAFBBB264A37B5000DB5B9 /* MyRealmApp */ = {
			isa = PBXGroup;
			children = (
				8ECAFBBC264A37B5000DB5B9 /* AppDelegate.swift */,
				8ECAFBBE264A37B5000DB5B9 /* SceneDelegate.swift */,
				8ECAFBC0264A37B5000DB5B9 /* ViewController.swift */,
				8ECAFBF2264A3937000DB5B9 /* RealmManager.swift */,
				8ECAFBC2264A37B5000DB5B9 /* Main.storyboard */,
				8ECAFBC5264A37B6000DB5B9 /* Assets.xcassets */,
				8ECAFBC7264A37B6000DB5B9 /* LaunchScreen.storyboard */,
				8ECAFBCA264A37B6000DB5B9 /* Info.plist */,
				8ECAFBFD264A3B76000DB5B9 /* Course.swift */,
			);
			path = MyRealmApp;
			sourceTree = "<group>";
		};
		8ECAFBD2264A37B6000DB5B9 /* MyRealmAppTests */ = {
			isa = PBXGroup;
			children = (
				8ECAFBD3264A37B6000DB5B9 /* MyRealmAppTests.swift */,
				8ECAFBD5264A37B6000DB5B9 /* Info.plist */,
			);
			path = MyRealmAppTests;
			sourceTree = "<group>";
		};
		8ECAFBDD264A37B6000DB5B9 /* RealmTestAppUITests */ = {
			isa = PBXGroup;
			children = (
				8ECAFBDE264A37B6000DB5B9 /* RealmTestAppUITests.swift */,
				8ECAFBE0264A37B6000DB5B9 /* Info.plist */,
			);
			path = RealmTestAppUITests;
			sourceTree = "<group>";
		};
/* End PBXGroup section */

/* Begin PBXNativeTarget section */
		8ECAFBB8264A37B5000DB5B9 /* MyRealmApp */ = {
			isa = PBXNativeTarget;
			buildConfigurationList = 8ECAFBE3264A37B6000DB5B9 /* Build configuration list for PBXNativeTarget "MyRealmApp" */;
			buildPhases = (
				05EDA91ED7B6AA3DDC2C9694 /* [CP] Check Pods Manifest.lock */,
				8ECAFBB5264A37B5000DB5B9 /* Sources */,
				8ECAFBB6264A37B5000DB5B9 /* Frameworks */,
				8ECAFBB7264A37B5000DB5B9 /* Resources */,
				88A7D7D5E029C895773AD7C2 /* [CP] Embed Pods Frameworks */,
			);
			buildRules = (
			);
			dependencies = (
			);
			name = MyRealmApp;
			productName = RealmTestApp;
			productReference = 8ECAFBB9264A37B5000DB5B9 /* MyRealmApp.app */;
			productType = "com.apple.product-type.application";
		};
		8ECAFBCE264A37B6000DB5B9 /* MyRealmAppTests */ = {
			isa = PBXNativeTarget;
			buildConfigurationList = 8ECAFBE6264A37B6000DB5B9 /* Build configuration list for PBXNativeTarget "MyRealmAppTests" */;
			buildPhases = (
				8ECAFBCB264A37B6000DB5B9 /* Sources */,
				8ECAFBCC264A37B6000DB5B9 /* Frameworks */,
				8ECAFBCD264A37B6000DB5B9 /* Resources */,
			);
			buildRules = (
			);
			dependencies = (
				8ECAFBD1264A37B6000DB5B9 /* PBXTargetDependency */,
			);
			name = MyRealmAppTests;
			productName = RealmTestAppTests;
			productReference = 8ECAFBCF264A37B6000DB5B9 /* MyRealmAppTests.xctest */;
			productType = "com.apple.product-type.bundle.unit-test";
		};
		8ECAFBD9264A37B6000DB5B9 /* MyRealmAppUITests */ = {
			isa = PBXNativeTarget;
			buildConfigurationList = 8ECAFBE9264A37B6000DB5B9 /* Build configuration list for PBXNativeTarget "MyRealmAppUITests" */;
			buildPhases = (
				8ECAFBD6264A37B6000DB5B9 /* Sources */,
				8ECAFBD7264A37B6000DB5B9 /* Frameworks */,
				8ECAFBD8264A37B6000DB5B9 /* Resources */,
			);
			buildRules = (
			);
			dependencies = (
				8ECAFBDC264A37B6000DB5B9 /* PBXTargetDependency */,
			);
			name = MyRealmAppUITests;
			productName = RealmTestAppUITests;
			productReference = 8ECAFBDA264A37B6000DB5B9 /* MyRealmAppUITests.xctest */;
			productType = "com.apple.product-type.bundle.ui-testing";
		};
/* End PBXNativeTarget section */

/* Begin PBXProject section */
		8ECAFBB1264A37B5000DB5B9 /* Project object */ = {
			isa = PBXProject;
			attributes = {
				LastSwiftUpdateCheck = 1240;
				LastUpgradeCheck = 1240;
				TargetAttributes = {
					8ECAFBB8264A37B5000DB5B9 = {
						CreatedOnToolsVersion = 12.4;
					};
					8ECAFBCE264A37B6000DB5B9 = {
						CreatedOnToolsVersion = 12.4;
						TestTargetID = 8ECAFBB8264A37B5000DB5B9;
					};
					8ECAFBD9264A37B6000DB5B9 = {
						CreatedOnToolsVersion = 12.4;
						TestTargetID = 8ECAFBB8264A37B5000DB5B9;
					};
				};
			};
			buildConfigurationList = 8ECAFBB4264A37B5000DB5B9 /* Build configuration list for PBXProject "MyRealmApp" */;
			compatibilityVersion = "Xcode 9.3";
			developmentRegion = en;
			hasScannedForEncodings = 0;
			knownRegions = (
				en,
				Base,
			);
			mainGroup = 8ECAFBB0264A37B5000DB5B9;
			productRefGroup = 8ECAFBBA264A37B5000DB5B9 /* Products */;
			projectDirPath = "";
			projectRoot = "";
			targets = (
				8ECAFBB8264A37B5000DB5B9 /* MyRealmApp */,
				8ECAFBCE264A37B6000DB5B9 /* MyRealmAppTests */,
				8ECAFBD9264A37B6000DB5B9 /* MyRealmAppUITests */,
			);
		};
/* End PBXProject section */

/* Begin PBXResourcesBuildPhase section */
		8ECAFBB7264A37B5000DB5B9 /* Resources */ = {
			isa = PBXResourcesBuildPhase;
			buildActionMask = 2147483647;
			files = (
				8ECAFBC9264A37B6000DB5B9 /* LaunchScreen.storyboard in Resources */,
				8ECAFBC6264A37B6000DB5B9 /* Assets.xcassets in Resources */,
				8ECAFBC4264A37B5000DB5B9 /* Main.storyboard in Resources */,
			);
			runOnlyForDeploymentPostprocessing = 0;
		};
		8ECAFBCD264A37B6000DB5B9 /* Resources */ = {
			isa = PBXResourcesBuildPhase;
			buildActionMask = 2147483647;
			files = (
			);
			runOnlyForDeploymentPostprocessing = 0;
		};
		8ECAFBD8264A37B6000DB5B9 /* Resources */ = {
			isa = PBXResourcesBuildPhase;
			buildActionMask = 2147483647;
			files = (
			);
			runOnlyForDeploymentPostprocessing = 0;
		};
/* End PBXResourcesBuildPhase section */

/* Begin PBXShellScriptBuildPhase section */
		05EDA91ED7B6AA3DDC2C9694 /* [CP] Check Pods Manifest.lock */ = {
			isa = PBXShellScriptBuildPhase;
			buildActionMask = 2147483647;
			files = (
			);
			inputFileListPaths = (
			);
			inputPaths = (
				"${PODS_PODFILE_DIR_PATH}/Podfile.lock",
				"${PODS_ROOT}/Manifest.lock",
			);
			name = "[CP] Check Pods Manifest.lock";
			outputFileListPaths = (
			);
			outputPaths = (
				"$(DERIVED_FILE_DIR)/Pods-RealmTestApp-checkManifestLockResult.txt",
			);
			runOnlyForDeploymentPostprocessing = 0;
			shellPath = /bin/sh;
			shellScript = "diff \"${PODS_PODFILE_DIR_PATH}/Podfile.lock\" \"${PODS_ROOT}/Manifest.lock\" > /dev/null\nif [ $? != 0 ] ; then\n    # print error to STDERR\n    echo \"error: The sandbox is not in sync with the Podfile.lock. Run 'pod install' or update your CocoaPods installation.\" >&2\n    exit 1\nfi\n# This output is used by Xcode 'outputs' to avoid re-running this script phase.\necho \"SUCCESS\" > \"${SCRIPT_OUTPUT_FILE_0}\"\n";
			showEnvVarsInLog = 0;
		};
		88A7D7D5E029C895773AD7C2 /* [CP] Embed Pods Frameworks */ = {
			isa = PBXShellScriptBuildPhase;
			buildActionMask = 2147483647;
			files = (
			);
			inputFileListPaths = (
				"${PODS_ROOT}/Target Support Files/Pods-RealmTestApp/Pods-RealmTestApp-frameworks-${CONFIGURATION}-input-files.xcfilelist",
			);
			name = "[CP] Embed Pods Frameworks";
			outputFileListPaths = (
				"${PODS_ROOT}/Target Support Files/Pods-RealmTestApp/Pods-RealmTestApp-frameworks-${CONFIGURATION}-output-files.xcfilelist",
			);
			runOnlyForDeploymentPostprocessing = 0;
			shellPath = /bin/sh;
			shellScript = "\"${PODS_ROOT}/Target Support Files/Pods-RealmTestApp/Pods-RealmTestApp-frameworks.sh\"\n";
			showEnvVarsInLog = 0;
		};
/* End PBXShellScriptBuildPhase section */

/* Begin PBXSourcesBuildPhase section */
		8ECAFBB5264A37B5000DB5B9 /* Sources */ = {
			isa = PBXSourcesBuildPhase;
			buildActionMask = 2147483647;
			files = (
				8ECAFBC1264A37B5000DB5B9 /* ViewController.swift in Sources */,
				8ECAFBF3264A3937000DB5B9 /* RealmManager.swift in Sources */,
				8ECAFBFE264A3B76000DB5B9 /* Course.swift in Sources */,
				8ECAFBBD264A37B5000DB5B9 /* AppDelegate.swift in Sources */,
				8ECAFBBF264A37B5000DB5B9 /* SceneDelegate.swift in Sources */,
			);
			runOnlyForDeploymentPostprocessing = 0;
		};
		8ECAFBCB264A37B6000DB5B9 /* Sources */ = {
			isa = PBXSourcesBuildPhase;
			buildActionMask = 2147483647;
			files = (
				8ECAFBD4264A37B6000DB5B9 /* MyRealmAppTests.swift in Sources */,
			);
			runOnlyForDeploymentPostprocessing = 0;
		};
		8ECAFBD6264A37B6000DB5B9 /* Sources */ = {
			isa = PBXSourcesBuildPhase;
			buildActionMask = 2147483647;
			files = (
				8ECAFBDF264A37B6000DB5B9 /* RealmTestAppUITests.swift in Sources */,
			);
			runOnlyForDeploymentPostprocessing = 0;
		};
/* End PBXSourcesBuildPhase section */

/* Begin PBXTargetDependency section */
		8ECAFBD1264A37B6000DB5B9 /* PBXTargetDependency */ = {
			isa = PBXTargetDependency;
			target = 8ECAFBB8264A37B5000DB5B9 /* MyRealmApp */;
			targetProxy = 8ECAFBD0264A37B6000DB5B9 /* PBXContainerItemProxy */;
		};
		8ECAFBDC264A37B6000DB5B9 /* PBXTargetDependency */ = {
			isa = PBXTargetDependency;
			target = 8ECAFBB8264A37B5000DB5B9 /* MyRealmApp */;
			targetProxy = 8ECAFBDB264A37B6000DB5B9 /* PBXContainerItemProxy */;
		};
/* End PBXTargetDependency section */

/* Begin PBXVariantGroup section */
		8ECAFBC2264A37B5000DB5B9 /* Main.storyboard */ = {
			isa = PBXVariantGroup;
			children = (
				8ECAFBC3264A37B5000DB5B9 /* Base */,
			);
			name = Main.storyboard;
			sourceTree = "<group>";
		};
		8ECAFBC7264A37B6000DB5B9 /* LaunchScreen.storyboard */ = {
			isa = PBXVariantGroup;
			children = (
				8ECAFBC8264A37B6000DB5B9 /* Base */,
			);
			name = LaunchScreen.storyboard;
			sourceTree = "<group>";
		};
/* End PBXVariantGroup section */

/* Begin XCBuildConfiguration section */
		8ECAFBE1264A37B6000DB5B9 /* Debug */ = {
			isa = XCBuildConfiguration;
			buildSettings = {
				ALWAYS_SEARCH_USER_PATHS = NO;
				CLANG_ANALYZER_NONNULL = YES;
				CLANG_ANALYZER_NUMBER_OBJECT_CONVERSION = YES_AGGRESSIVE;
				CLANG_CXX_LANGUAGE_STANDARD = "gnu++14";
				CLANG_CXX_LIBRARY = "libc++";
				CLANG_ENABLE_MODULES = YES;
				CLANG_ENABLE_OBJC_ARC = YES;
				CLANG_ENABLE_OBJC_WEAK = YES;
				CLANG_WARN_BLOCK_CAPTURE_AUTORELEASING = YES;
				CLANG_WARN_BOOL_CONVERSION = YES;
				CLANG_WARN_COMMA = YES;
				CLANG_WARN_CONSTANT_CONVERSION = YES;
				CLANG_WARN_DEPRECATED_OBJC_IMPLEMENTATIONS = YES;
				CLANG_WARN_DIRECT_OBJC_ISA_USAGE = YES_ERROR;
				CLANG_WARN_DOCUMENTATION_COMMENTS = YES;
				CLANG_WARN_EMPTY_BODY = YES;
				CLANG_WARN_ENUM_CONVERSION = YES;
				CLANG_WARN_INFINITE_RECURSION = YES;
				CLANG_WARN_INT_CONVERSION = YES;
				CLANG_WARN_NON_LITERAL_NULL_CONVERSION = YES;
				CLANG_WARN_OBJC_IMPLICIT_RETAIN_SELF = YES;
				CLANG_WARN_OBJC_LITERAL_CONVERSION = YES;
				CLANG_WARN_OBJC_ROOT_CLASS = YES_ERROR;
				CLANG_WARN_QUOTED_INCLUDE_IN_FRAMEWORK_HEADER = YES;
				CLANG_WARN_RANGE_LOOP_ANALYSIS = YES;
				CLANG_WARN_STRICT_PROTOTYPES = YES;
				CLANG_WARN_SUSPICIOUS_MOVE = YES;
				CLANG_WARN_UNGUARDED_AVAILABILITY = YES_AGGRESSIVE;
				CLANG_WARN_UNREACHABLE_CODE = YES;
				CLANG_WARN__DUPLICATE_METHOD_MATCH = YES;
				COPY_PHASE_STRIP = NO;
				DEBUG_INFORMATION_FORMAT = dwarf;
				ENABLE_STRICT_OBJC_MSGSEND = YES;
				ENABLE_TESTABILITY = YES;
				GCC_C_LANGUAGE_STANDARD = gnu11;
				GCC_DYNAMIC_NO_PIC = NO;
				GCC_NO_COMMON_BLOCKS = YES;
				GCC_OPTIMIZATION_LEVEL = 0;
				GCC_PREPROCESSOR_DEFINITIONS = (
					"DEBUG=1",
					"$(inherited)",
				);
				GCC_WARN_64_TO_32_BIT_CONVERSION = YES;
				GCC_WARN_ABOUT_RETURN_TYPE = YES_ERROR;
				GCC_WARN_UNDECLARED_SELECTOR = YES;
				GCC_WARN_UNINITIALIZED_AUTOS = YES_AGGRESSIVE;
				GCC_WARN_UNUSED_FUNCTION = YES;
				GCC_WARN_UNUSED_VARIABLE = YES;
				IPHONEOS_DEPLOYMENT_TARGET = 14.4;
				MTL_ENABLE_DEBUG_INFO = INCLUDE_SOURCE;
				MTL_FAST_MATH = YES;
				ONLY_ACTIVE_ARCH = YES;
				SDKROOT = iphoneos;
				SWIFT_ACTIVE_COMPILATION_CONDITIONS = DEBUG;
				SWIFT_OPTIMIZATION_LEVEL = "-Onone";
			};
			name = Debug;
		};
		8ECAFBE2264A37B6000DB5B9 /* Release */ = {
			isa = XCBuildConfiguration;
			buildSettings = {
				ALWAYS_SEARCH_USER_PATHS = NO;
				CLANG_ANALYZER_NONNULL = YES;
				CLANG_ANALYZER_NUMBER_OBJECT_CONVERSION = YES_AGGRESSIVE;
				CLANG_CXX_LANGUAGE_STANDARD = "gnu++14";
				CLANG_CXX_LIBRARY = "libc++";
				CLANG_ENABLE_MODULES = YES;
				CLANG_ENABLE_OBJC_ARC = YES;
				CLANG_ENABLE_OBJC_WEAK = YES;
				CLANG_WARN_BLOCK_CAPTURE_AUTORELEASING = YES;
				CLANG_WARN_BOOL_CONVERSION = YES;
				CLANG_WARN_COMMA = YES;
				CLANG_WARN_CONSTANT_CONVERSION = YES;
				CLANG_WARN_DEPRECATED_OBJC_IMPLEMENTATIONS = YES;
				CLANG_WARN_DIRECT_OBJC_ISA_USAGE = YES_ERROR;
				CLANG_WARN_DOCUMENTATION_COMMENTS = YES;
				CLANG_WARN_EMPTY_BODY = YES;
				CLANG_WARN_ENUM_CONVERSION = YES;
				CLANG_WARN_INFINITE_RECURSION = YES;
				CLANG_WARN_INT_CONVERSION = YES;
				CLANG_WARN_NON_LITERAL_NULL_CONVERSION = YES;
				CLANG_WARN_OBJC_IMPLICIT_RETAIN_SELF = YES;
				CLANG_WARN_OBJC_LITERAL_CONVERSION = YES;
				CLANG_WARN_OBJC_ROOT_CLASS = YES_ERROR;
				CLANG_WARN_QUOTED_INCLUDE_IN_FRAMEWORK_HEADER = YES;
				CLANG_WARN_RANGE_LOOP_ANALYSIS = YES;
				CLANG_WARN_STRICT_PROTOTYPES = YES;
				CLANG_WARN_SUSPICIOUS_MOVE = YES;
				CLANG_WARN_UNGUARDED_AVAILABILITY = YES_AGGRESSIVE;
				CLANG_WARN_UNREACHABLE_CODE = YES;
				CLANG_WARN__DUPLICATE_METHOD_MATCH = YES;
				COPY_PHASE_STRIP = NO;
				DEBUG_INFORMATION_FORMAT = "dwarf-with-dsym";
				ENABLE_NS_ASSERTIONS = NO;
				ENABLE_STRICT_OBJC_MSGSEND = YES;
				GCC_C_LANGUAGE_STANDARD = gnu11;
				GCC_NO_COMMON_BLOCKS = YES;
				GCC_WARN_64_TO_32_BIT_CONVERSION = YES;
				GCC_WARN_ABOUT_RETURN_TYPE = YES_ERROR;
				GCC_WARN_UNDECLARED_SELECTOR = YES;
				GCC_WARN_UNINITIALIZED_AUTOS = YES_AGGRESSIVE;
				GCC_WARN_UNUSED_FUNCTION = YES;
				GCC_WARN_UNUSED_VARIABLE = YES;
				IPHONEOS_DEPLOYMENT_TARGET = 14.4;
				MTL_ENABLE_DEBUG_INFO = NO;
				MTL_FAST_MATH = YES;
				SDKROOT = iphoneos;
				SWIFT_COMPILATION_MODE = wholemodule;
				SWIFT_OPTIMIZATION_LEVEL = "-O";
				VALIDATE_PRODUCT = YES;
			};
			name = Release;
		};
		8ECAFBE4264A37B6000DB5B9 /* Debug */ = {
			isa = XCBuildConfiguration;
			baseConfigurationReference = 8DED05525A6E251A7DA55598 /* Pods-RealmTestApp.debug.xcconfig */;
			buildSettings = {
				ASSETCATALOG_COMPILER_APPICON_NAME = AppIcon;
				ASSETCATALOG_COMPILER_GLOBAL_ACCENT_COLOR_NAME = AccentColor;
				CODE_SIGN_STYLE = Automatic;
				DEVELOPMENT_TEAM = H799H8B8DD;
				INFOPLIST_FILE = RealmTestApp/Info.plist;
				LD_RUNPATH_SEARCH_PATHS = (
					"$(inherited)",
					"@executable_path/Frameworks",
				);
				PRODUCT_BUNDLE_IDENTIFIER = io.renderapps.realmTest.RealmTestApp;
				PRODUCT_NAME = "$(TARGET_NAME)";
				SWIFT_VERSION = 5.0;
				TARGETED_DEVICE_FAMILY = "1,2";
			};
			name = Debug;
		};
		8ECAFBE5264A37B6000DB5B9 /* Release */ = {
			isa = XCBuildConfiguration;
			baseConfigurationReference = 3DD9F870FFBC7AC3EE08AFCD /* Pods-RealmTestApp.release.xcconfig */;
			buildSettings = {
				ASSETCATALOG_COMPILER_APPICON_NAME = AppIcon;
				ASSETCATALOG_COMPILER_GLOBAL_ACCENT_COLOR_NAME = AccentColor;
				CODE_SIGN_STYLE = Automatic;
				DEVELOPMENT_TEAM = H799H8B8DD;
				INFOPLIST_FILE = RealmTestApp/Info.plist;
				LD_RUNPATH_SEARCH_PATHS = (
					"$(inherited)",
					"@executable_path/Frameworks",
				);
				PRODUCT_BUNDLE_IDENTIFIER = io.renderapps.realmTest.RealmTestApp;
				PRODUCT_NAME = "$(TARGET_NAME)";
				SWIFT_VERSION = 5.0;
				TARGETED_DEVICE_FAMILY = "1,2";
			};
			name = Release;
		};
		8ECAFBE7264A37B6000DB5B9 /* Debug */ = {
			isa = XCBuildConfiguration;
			buildSettings = {
				ALWAYS_EMBED_SWIFT_STANDARD_LIBRARIES = YES;
				BUNDLE_LOADER = "$(TEST_HOST)";
				CODE_SIGN_STYLE = Automatic;
				DEVELOPMENT_TEAM = H799H8B8DD;
				INFOPLIST_FILE = RealmTestAppTests/Info.plist;
				IPHONEOS_DEPLOYMENT_TARGET = 14.4;
				LD_RUNPATH_SEARCH_PATHS = (
					"$(inherited)",
					"@executable_path/Frameworks",
					"@loader_path/Frameworks",
				);
				PRODUCT_BUNDLE_IDENTIFIER = io.renderapps.realmTest.RealmTestAppTests;
				PRODUCT_NAME = "$(TARGET_NAME)";
				SWIFT_VERSION = 5.0;
				TARGETED_DEVICE_FAMILY = "1,2";
				TEST_HOST = "$(BUILT_PRODUCTS_DIR)/MyRealmApp.app/MyRealmApp";
			};
			name = Debug;
		};
		8ECAFBE8264A37B6000DB5B9 /* Release */ = {
			isa = XCBuildConfiguration;
			buildSettings = {
				ALWAYS_EMBED_SWIFT_STANDARD_LIBRARIES = YES;
				BUNDLE_LOADER = "$(TEST_HOST)";
				CODE_SIGN_STYLE = Automatic;
				DEVELOPMENT_TEAM = H799H8B8DD;
				INFOPLIST_FILE = RealmTestAppTests/Info.plist;
				IPHONEOS_DEPLOYMENT_TARGET = 14.4;
				LD_RUNPATH_SEARCH_PATHS = (
					"$(inherited)",
					"@executable_path/Frameworks",
					"@loader_path/Frameworks",
				);
				PRODUCT_BUNDLE_IDENTIFIER = io.renderapps.realmTest.RealmTestAppTests;
				PRODUCT_NAME = "$(TARGET_NAME)";
				SWIFT_VERSION = 5.0;
				TARGETED_DEVICE_FAMILY = "1,2";
				TEST_HOST = "$(BUILT_PRODUCTS_DIR)/MyRealmApp.app/MyRealmApp";
			};
			name = Release;
		};
		8ECAFBEA264A37B6000DB5B9 /* Debug */ = {
			isa = XCBuildConfiguration;
			buildSettings = {
				ALWAYS_EMBED_SWIFT_STANDARD_LIBRARIES = YES;
				CODE_SIGN_STYLE = Automatic;
				DEVELOPMENT_TEAM = H799H8B8DD;
				INFOPLIST_FILE = RealmTestAppUITests/Info.plist;
				LD_RUNPATH_SEARCH_PATHS = (
					"$(inherited)",
					"@executable_path/Frameworks",
					"@loader_path/Frameworks",
				);
				PRODUCT_BUNDLE_IDENTIFIER = io.renderapps.realmTest.RealmTestAppUITests;
				PRODUCT_NAME = "$(TARGET_NAME)";
				SWIFT_VERSION = 5.0;
				TARGETED_DEVICE_FAMILY = "1,2";
				TEST_TARGET_NAME = RealmTestApp;
			};
			name = Debug;
		};
		8ECAFBEB264A37B6000DB5B9 /* Release */ = {
			isa = XCBuildConfiguration;
			buildSettings = {
				ALWAYS_EMBED_SWIFT_STANDARD_LIBRARIES = YES;
				CODE_SIGN_STYLE = Automatic;
				DEVELOPMENT_TEAM = H799H8B8DD;
				INFOPLIST_FILE = RealmTestAppUITests/Info.plist;
				LD_RUNPATH_SEARCH_PATHS = (
					"$(inherited)",
					"@executable_path/Frameworks",
					"@loader_path/Frameworks",
				);
				PRODUCT_BUNDLE_IDENTIFIER = io.renderapps.realmTest.RealmTestAppUITests;
				PRODUCT_NAME = "$(TARGET_NAME)";
				SWIFT_VERSION = 5.0;
				TARGETED_DEVICE_FAMILY = "1,2";
				TEST_TARGET_NAME = RealmTestApp;
			};
			name = Release;
		};
/* End XCBuildConfiguration section */

/* Begin XCConfigurationList section */
		8ECAFBB4264A37B5000DB5B9 /* Build configuration list for PBXProject "MyRealmApp" */ = {
			isa = XCConfigurationList;
			buildConfigurations = (
				8ECAFBE1264A37B6000DB5B9 /* Debug */,
				8ECAFBE2264A37B6000DB5B9 /* Release */,
			);
			defaultConfigurationIsVisible = 0;
			defaultConfigurationName = Release;
		};
		8ECAFBE3264A37B6000DB5B9 /* Build configuration list for PBXNativeTarget "MyRealmApp" */ = {
			isa = XCConfigurationList;
			buildConfigurations = (
				8ECAFBE4264A37B6000DB5B9 /* Debug */,
				8ECAFBE5264A37B6000DB5B9 /* Release */,
			);
			defaultConfigurationIsVisible = 0;
			defaultConfigurationName = Release;
		};
		8ECAFBE6264A37B6000DB5B9 /* Build configuration list for PBXNativeTarget "MyRealmAppTests" */ = {
			isa = XCConfigurationList;
			buildConfigurations = (
				8ECAFBE7264A37B6000DB5B9 /* Debug */,
				8ECAFBE8264A37B6000DB5B9 /* Release */,
			);
			defaultConfigurationIsVisible = 0;
			defaultConfigurationName = Release;
		};
		8ECAFBE9264A37B6000DB5B9 /* Build configuration list for PBXNativeTarget "MyRealmAppUITests" */ = {
			isa = XCConfigurationList;
			buildConfigurations = (
				8ECAFBEA264A37B6000DB5B9 /* Debug */,
				8ECAFBEB264A37B6000DB5B9 /* Release */,
			);
			defaultConfigurationIsVisible = 0;
			defaultConfigurationName = Release;
		};
/* End XCConfigurationList section */
	};
	rootObject = 8ECAFBB1264A37B5000DB5B9 /* Project object */;
}
